
Microsoft Visual Studio Solution File, Format Version 12.00
# Visual Studio Version 16
VisualStudioVersion = 16.0.29519.87
MinimumVisualStudioVersion = 10.0.40219.1
Project("{9A19103F-16F7-4668-BE54-9A1E7A4F7556}") = "DeckOfCardsAPI", "DeckOfCardsAPI\DeckOfCardsAPI.csproj", "{2575D8DB-1884-4574-987F-8E11499CC14B}"
EndProject
Project("{FAE04EC0-301F-11D3-BF4B-00C04F79EFBC}") = "DeckOfCardsGUI", "DeckOfCardsGUI\DeckOfCardsGUI.csproj", "{3E11A33C-E3AF-45D0-86CD-8621EA9EDE93}"
EndProject
Project("{FAE04EC0-301F-11D3-BF4B-00C04F79EFBC}") = "DeckOfCardsXamarin", "DeckOfCardsXamarin\DeckOfCardsXamarin\DeckOfCardsXamarin.csproj", "{E4E1333A-2A4A-49EC-B2AA-ED4E501510F3}"
EndProject
Project("{FAE04EC0-301F-11D3-BF4B-00C04F79EFBC}") = "DeckOfCardsXamarin.Android", "DeckOfCardsXamarin\DeckOfCardsXamarin.Android\DeckOfCardsXamarin.Android.csproj", "{D9F26B0F-FB5D-45B1-A8D8-CE06693CB81F}"
EndProject
Project("{FAE04EC0-301F-11D3-BF4B-00C04F79EFBC}") = "DeckOfCardsXamarin.iOS", "DeckOfCardsXamarin\DeckOfCardsXamarin.iOS\DeckOfCardsXamarin.iOS.csproj", "{12211CF3-1E12-456C-A8A1-D2FEB1709AC5}"
EndProject
Global
	GlobalSection(SolutionConfigurationPlatforms) = preSolution
		Debug|Any CPU = Debug|Any CPU
		Release|Any CPU = Release|Any CPU
	EndGlobalSection
	GlobalSection(ProjectConfigurationPlatforms) = postSolution
		{2575D8DB-1884-4574-987F-8E11499CC14B}.Debug|Any CPU.ActiveCfg = Debug|Any CPU
		{2575D8DB-1884-4574-987F-8E11499CC14B}.Debug|Any CPU.Build.0 = Debug|Any CPU
		{2575D8DB-1884-4574-987F-8E11499CC14B}.Release|Any CPU.ActiveCfg = Release|Any CPU
		{2575D8DB-1884-4574-987F-8E11499CC14B}.Release|Any CPU.Build.0 = Release|Any CPU
		{3E11A33C-E3AF-45D0-86CD-8621EA9EDE93}.Debug|Any CPU.ActiveCfg = Debug|Any CPU
		{3E11A33C-E3AF-45D0-86CD-8621EA9EDE93}.Debug|Any CPU.Build.0 = Debug|Any CPU
		{3E11A33C-E3AF-45D0-86CD-8621EA9EDE93}.Release|Any CPU.ActiveCfg = Release|Any CPU
		{3E11A33C-E3AF-45D0-86CD-8621EA9EDE93}.Release|Any CPU.Build.0 = Release|Any CPU
		{E4E1333A-2A4A-49EC-B2AA-ED4E501510F3}.Debug|Any CPU.ActiveCfg = Debug|Any CPU
		{E4E1333A-2A4A-49EC-B2AA-ED4E501510F3}.Debug|Any CPU.Build.0 = Debug|Any CPU
		{E4E1333A-2A4A-49EC-B2AA-ED4E501510F3}.Release|Any CPU.ActiveCfg = Release|Any CPU
		{E4E1333A-2A4A-49EC-B2AA-ED4E501510F3}.Release|Any CPU.Build.0 = Release|Any CPU
		{D9F26B0F-FB5D-45B1-A8D8-CE06693CB81F}.Debug|Any CPU.ActiveCfg = Debug|Any CPU
		{D9F26B0F-FB5D-45B1-A8D8-CE06693CB81F}.Debug|Any CPU.Build.0 = Debug|Any CPU
		{D9F26B0F-FB5D-45B1-A8D8-CE06693CB81F}.Release|Any CPU.ActiveCfg = Release|Any CPU
		{D9F26B0F-FB5D-45B1-A8D8-CE06693CB81F}.Release|Any CPU.Build.0 = Release|Any CPU
		{12211CF3-1E12-456C-A8A1-D2FEB1709AC5}.Debug|Any CPU.ActiveCfg = Debug|iPhoneSimulator
		{12211CF3-1E12-456C-A8A1-D2FEB1709AC5}.Debug|Any CPU.Build.0 = Debug|iPhoneSimulator
		{12211CF3-1E12-456C-A8A1-D2FEB1709AC5}.Release|Any CPU.ActiveCfg = Release|iPhoneSimulator
		{12211CF3-1E12-456C-A8A1-D2FEB1709AC5}.Release|Any CPU.Build.0 = Release|iPhoneSimulator
	EndGlobalSection
	GlobalSection(SolutionProperties) = preSolution
		HideSolutionNode = FALSE
	EndGlobalSection
	GlobalSection(ExtensibilityGlobals) = postSolution
		SolutionGuid = {055CF7B7-862B-4B8E-98D2-169002670796}
	EndGlobalSection
EndGlobal
